
Microsoft Visual Studio Solution File, Format Version 12.00
# Visual Studio 2015
Project("{FAE04EC0-301F-11D3-BF4B-00C04F79EFBC}") = "ArchLevelRevide.CSharp", "ArchLevelRevide.CSharp.csproj", "{1CE3FD78-E320-F71F-7C66-BEF2011F86E6}"
EndProject
Global
	GlobalSection(SolutionConfigurationPlatforms) = preSolution
		Debug|Any CPU = Debug|Any CPU
		Release|Any CPU = Release|Any CPU
	EndGlobalSection
	GlobalSection(ProjectConfigurationPlatforms) = postSolution
		{1CE3FD78-E320-F71F-7C66-BEF2011F86E6}.Debug|Any CPU.ActiveCfg = Debug|Any CPU
		{1CE3FD78-E320-F71F-7C66-BEF2011F86E6}.Debug|Any CPU.Build.0 = Debug|Any CPU
		{1CE3FD78-E320-F71F-7C66-BEF2011F86E6}.Release|Any CPU.ActiveCfg = Release|Any CPU
		{1CE3FD78-E320-F71F-7C66-BEF2011F86E6}.Release|Any CPU.Build.0 = Release|Any CPU
	EndGlobalSection
	GlobalSection(SolutionProperties) = preSolution
		HideSolutionNode = FALSE
	EndGlobalSection
EndGlobal
