
Microsoft Visual Studio Solution File, Format Version 12.00
# Visual Studio 2015
Project("{FAE04EC0-301F-11D3-BF4B-00C04F79EFBC}") = "vr_efh_haus.CSharp.Plugins", "vr_efh_haus.CSharp.Plugins.csproj", "{B4F963AA-CEA3-971D-A6FE-51E556B0E6BB}"
EndProject
Project("{FAE04EC0-301F-11D3-BF4B-00C04F79EFBC}") = "vr_efh_haus.CSharp", "vr_efh_haus.CSharp.csproj", "{1035C7FE-6632-678B-95E4-6F1D9CBB88A9}"
EndProject
Project("{FAE04EC0-301F-11D3-BF4B-00C04F79EFBC}") = "vr_efh_haus.CSharp.Editor", "vr_efh_haus.CSharp.Editor.csproj", "{FC9728AC-786C-366F-BCC4-9816040AFD0C}"
EndProject
Global
	GlobalSection(SolutionConfigurationPlatforms) = preSolution
		Debug|Any CPU = Debug|Any CPU
		Release|Any CPU = Release|Any CPU
	EndGlobalSection
	GlobalSection(ProjectConfigurationPlatforms) = postSolution
		{B4F963AA-CEA3-971D-A6FE-51E556B0E6BB}.Debug|Any CPU.ActiveCfg = Debug|Any CPU
		{B4F963AA-CEA3-971D-A6FE-51E556B0E6BB}.Debug|Any CPU.Build.0 = Debug|Any CPU
		{B4F963AA-CEA3-971D-A6FE-51E556B0E6BB}.Release|Any CPU.ActiveCfg = Release|Any CPU
		{B4F963AA-CEA3-971D-A6FE-51E556B0E6BB}.Release|Any CPU.Build.0 = Release|Any CPU
		{1035C7FE-6632-678B-95E4-6F1D9CBB88A9}.Debug|Any CPU.ActiveCfg = Debug|Any CPU
		{1035C7FE-6632-678B-95E4-6F1D9CBB88A9}.Debug|Any CPU.Build.0 = Debug|Any CPU
		{1035C7FE-6632-678B-95E4-6F1D9CBB88A9}.Release|Any CPU.ActiveCfg = Release|Any CPU
		{1035C7FE-6632-678B-95E4-6F1D9CBB88A9}.Release|Any CPU.Build.0 = Release|Any CPU
		{FC9728AC-786C-366F-BCC4-9816040AFD0C}.Debug|Any CPU.ActiveCfg = Debug|Any CPU
		{FC9728AC-786C-366F-BCC4-9816040AFD0C}.Debug|Any CPU.Build.0 = Debug|Any CPU
		{FC9728AC-786C-366F-BCC4-9816040AFD0C}.Release|Any CPU.ActiveCfg = Release|Any CPU
		{FC9728AC-786C-366F-BCC4-9816040AFD0C}.Release|Any CPU.Build.0 = Release|Any CPU
	EndGlobalSection
	GlobalSection(SolutionProperties) = preSolution
		HideSolutionNode = FALSE
	EndGlobalSection
EndGlobal
